dependencies:
- name: mongodb-kubernetes
  repository: https://mongodb.github.io/helm-charts
  version: 1.4.0
- name: opensearch
  repository: https://opensearch-project.github.io/helm-charts
  version: 2.9.0
- name: prometheus
  repository: https://prometheus-community.github.io/helm-charts
  version: 25.18.0
- name: ingress-nginx
  repository: https://kubernetes.github.io/ingress-nginx
  version: 4.10.1
- name: reloader
  repository: https://stakater.github.io/stakater-charts
  version: 1.3.0
digest: sha256:5bbd4b983ea041e991c7ba328ad795c3044f5052c51c32ca667809acffad0006
generated: "2025-12-16T20:31:20.327254+01:00"
