dependencies:
- name: mongodb-kubernetes
  repository: https://mongodb.github.io/helm-charts
  version: 1.4.0
- name: opensearch
  repository: https://opensearch-project.github.io/helm-charts
  version: 2.9.0
- name: prometheus
  repository: https://prometheus-community.github.io/helm-charts
  version: 25.18.0
- name: ingress-nginx
  repository: https://kubernetes.github.io/ingress-nginx
  version: 4.10.1
- name: reloader
  repository: https://stakater.github.io/stakater-charts
  version: 1.3.0
digest: sha256:08f48d93a98e7f4efc4e871973ab37d93045b040b9165c8021833dab0f12921f
generated: "2026-02-05T14:19:58.696971+01:00"
